
Microsoft Visual Studio Solution File, Format Version 12.00
# Visual Studio 15
VisualStudioVersion = 15.0.26403.3
MinimumVisualStudioVersion = 10.0.40219.1
Project("{FAE04EC0-301F-11D3-BF4B-00C04F79EFBC}") = "06-CompanyRoll", "06\06-CompanyRoll.csproj", "{7A5DAAE6-6B85-49C1-BA4B-42AAA20182C4}"
EndProject
Project("{FAE04EC0-301F-11D3-BF4B-00C04F79EFBC}") = "07 SpeedRacing", "07 SpeedRacing\07 SpeedRacing.csproj", "{0D2E6B2F-B48A-4E88-BE4A-058B6016E019}"
EndProject
Project("{FAE04EC0-301F-11D3-BF4B-00C04F79EFBC}") = "08.RawData", "RawData\08.RawData.csproj", "{8E8A2BB9-A919-421C-8FC7-728884A1504F}"
EndProject
Project("{FAE04EC0-301F-11D3-BF4B-00C04F79EFBC}") = "09. rectangle", "09. rectangle\09. rectangle.csproj", "{0E2F7373-91E9-4DF9-825D-083BBC763152}"
EndProject
Project("{FAE04EC0-301F-11D3-BF4B-00C04F79EFBC}") = "10.carSalseman", "carSalseman\10.carSalseman.csproj", "{58140EF5-8134-4BC3-B92E-99069F905F93}"
EndProject
Project("{FAE04EC0-301F-11D3-BF4B-00C04F79EFBC}") = "01", "01 DefineClass Person\01.csproj", "{0BB1EFA9-F1A5-42E0-8B9C-8B906AE015BF}"
EndProject
Project("{FAE04EC0-301F-11D3-BF4B-00C04F79EFBC}") = "02", "02 DefineClass CreateConstructor\02.csproj", "{C898A728-D0C1-4314-A5A7-1EC1C2094764}"
EndProject
Project("{FAE04EC0-301F-11D3-BF4B-00C04F79EFBC}") = "03", "03 DefineClass OldestFamilyMember\03.csproj", "{D8F6F8D0-F12D-4788-92D6-473BF620E781}"
EndProject
Project("{FAE04EC0-301F-11D3-BF4B-00C04F79EFBC}") = "04", "04 DefineClass Opinion Poll\04.csproj", "{DA51106B-0B30-4201-B125-C03ABEEAB4E1}"
EndProject
Project("{FAE04EC0-301F-11D3-BF4B-00C04F79EFBC}") = "05 dateMo", "05 Define Class DateModifier\05 dateMo.csproj", "{8129BC6B-E1EC-499A-B68E-77982CDCB4B4}"
EndProject
Global
	GlobalSection(SolutionConfigurationPlatforms) = preSolution
		Debug|Any CPU = Debug|Any CPU
		Release|Any CPU = Release|Any CPU
	EndGlobalSection
	GlobalSection(ProjectConfigurationPlatforms) = postSolution
		{7A5DAAE6-6B85-49C1-BA4B-42AAA20182C4}.Debug|Any CPU.ActiveCfg = Debug|Any CPU
		{7A5DAAE6-6B85-49C1-BA4B-42AAA20182C4}.Debug|Any CPU.Build.0 = Debug|Any CPU
		{7A5DAAE6-6B85-49C1-BA4B-42AAA20182C4}.Release|Any CPU.ActiveCfg = Release|Any CPU
		{7A5DAAE6-6B85-49C1-BA4B-42AAA20182C4}.Release|Any CPU.Build.0 = Release|Any CPU
		{0D2E6B2F-B48A-4E88-BE4A-058B6016E019}.Debug|Any CPU.ActiveCfg = Debug|Any CPU
		{0D2E6B2F-B48A-4E88-BE4A-058B6016E019}.Debug|Any CPU.Build.0 = Debug|Any CPU
		{0D2E6B2F-B48A-4E88-BE4A-058B6016E019}.Release|Any CPU.ActiveCfg = Release|Any CPU
		{0D2E6B2F-B48A-4E88-BE4A-058B6016E019}.Release|Any CPU.Build.0 = Release|Any CPU
		{8E8A2BB9-A919-421C-8FC7-728884A1504F}.Debug|Any CPU.ActiveCfg = Debug|Any CPU
		{8E8A2BB9-A919-421C-8FC7-728884A1504F}.Debug|Any CPU.Build.0 = Debug|Any CPU
		{8E8A2BB9-A919-421C-8FC7-728884A1504F}.Release|Any CPU.ActiveCfg = Release|Any CPU
		{8E8A2BB9-A919-421C-8FC7-728884A1504F}.Release|Any CPU.Build.0 = Release|Any CPU
		{0E2F7373-91E9-4DF9-825D-083BBC763152}.Debug|Any CPU.ActiveCfg = Debug|Any CPU
		{0E2F7373-91E9-4DF9-825D-083BBC763152}.Debug|Any CPU.Build.0 = Debug|Any CPU
		{0E2F7373-91E9-4DF9-825D-083BBC763152}.Release|Any CPU.ActiveCfg = Release|Any CPU
		{0E2F7373-91E9-4DF9-825D-083BBC763152}.Release|Any CPU.Build.0 = Release|Any CPU
		{58140EF5-8134-4BC3-B92E-99069F905F93}.Debug|Any CPU.ActiveCfg = Debug|Any CPU
		{58140EF5-8134-4BC3-B92E-99069F905F93}.Debug|Any CPU.Build.0 = Debug|Any CPU
		{58140EF5-8134-4BC3-B92E-99069F905F93}.Release|Any CPU.ActiveCfg = Release|Any CPU
		{58140EF5-8134-4BC3-B92E-99069F905F93}.Release|Any CPU.Build.0 = Release|Any CPU
		{0BB1EFA9-F1A5-42E0-8B9C-8B906AE015BF}.Debug|Any CPU.ActiveCfg = Debug|Any CPU
		{0BB1EFA9-F1A5-42E0-8B9C-8B906AE015BF}.Debug|Any CPU.Build.0 = Debug|Any CPU
		{0BB1EFA9-F1A5-42E0-8B9C-8B906AE015BF}.Release|Any CPU.ActiveCfg = Release|Any CPU
		{0BB1EFA9-F1A5-42E0-8B9C-8B906AE015BF}.Release|Any CPU.Build.0 = Release|Any CPU
		{C898A728-D0C1-4314-A5A7-1EC1C2094764}.Debug|Any CPU.ActiveCfg = Debug|Any CPU
		{C898A728-D0C1-4314-A5A7-1EC1C2094764}.Debug|Any CPU.Build.0 = Debug|Any CPU
		{C898A728-D0C1-4314-A5A7-1EC1C2094764}.Release|Any CPU.ActiveCfg = Release|Any CPU
		{C898A728-D0C1-4314-A5A7-1EC1C2094764}.Release|Any CPU.Build.0 = Release|Any CPU
		{D8F6F8D0-F12D-4788-92D6-473BF620E781}.Debug|Any CPU.ActiveCfg = Debug|Any CPU
		{D8F6F8D0-F12D-4788-92D6-473BF620E781}.Debug|Any CPU.Build.0 = Debug|Any CPU
		{D8F6F8D0-F12D-4788-92D6-473BF620E781}.Release|Any CPU.ActiveCfg = Release|Any CPU
		{D8F6F8D0-F12D-4788-92D6-473BF620E781}.Release|Any CPU.Build.0 = Release|Any CPU
		{DA51106B-0B30-4201-B125-C03ABEEAB4E1}.Debug|Any CPU.ActiveCfg = Debug|Any CPU
		{DA51106B-0B30-4201-B125-C03ABEEAB4E1}.Debug|Any CPU.Build.0 = Debug|Any CPU
		{DA51106B-0B30-4201-B125-C03ABEEAB4E1}.Release|Any CPU.ActiveCfg = Release|Any CPU
		{DA51106B-0B30-4201-B125-C03ABEEAB4E1}.Release|Any CPU.Build.0 = Release|Any CPU
		{8129BC6B-E1EC-499A-B68E-77982CDCB4B4}.Debug|Any CPU.ActiveCfg = Debug|Any CPU
		{8129BC6B-E1EC-499A-B68E-77982CDCB4B4}.Debug|Any CPU.Build.0 = Debug|Any CPU
		{8129BC6B-E1EC-499A-B68E-77982CDCB4B4}.Release|Any CPU.ActiveCfg = Release|Any CPU
		{8129BC6B-E1EC-499A-B68E-77982CDCB4B4}.Release|Any CPU.Build.0 = Release|Any CPU
	EndGlobalSection
	GlobalSection(SolutionProperties) = preSolution
		HideSolutionNode = FALSE
	EndGlobalSection
EndGlobal
